// !$*UTF8*$!
{
	archiveVersion = 1;
	classes = {
	};
	objectVersion = 50;
	objects = {

/* Begin PBXBuildFile section */
		188CDB9220DE29D600EED43E /* AppDelegate.m in Sources */ = {isa = PBXBuildFile; fileRef = 188CDB9120DE29D600EED43E /* AppDelegate.m */; };
		188CDB9520DE29D600EED43E /* ViewController.m in Sources */ = {isa = PBXBuildFile; fileRef = 188CDB9420DE29D600EED43E /* ViewController.m */; };
		188CDB9820DE29D600EED43E /* Main.storyboard in Resources */ = {isa = PBXBuildFile; fileRef = 188CDB9620DE29D600EED43E /* Main.storyboard */; };
		188CDB9A20DE29D900EED43E /* Assets.xcassets in Resources */ = {isa = PBXBuildFile; fileRef = 188CDB9920DE29D900EED43E /* Assets.xcassets */; };
		188CDB9D20DE29D900EED43E /* LaunchScreen.storyboard in Resources */ = {isa = PBXBuildFile; fileRef = 188CDB9B20DE29D900EED43E /* LaunchScreen.storyboard */; };
		188CDBA020DE29D900EED43E /* main.m in Sources */ = {isa = PBXBuildFile; fileRef = 188CDB9F20DE29D900EED43E /* main.m */; };
		188CDBAD20DE2B1900EED43E /* UIView+CH.m in Sources */ = {isa = PBXBuildFile; fileRef = 188CDBAC20DE2B1900EED43E /* UIView+CH.m */; };
		188CDBB320DE31B000EED43E /* MatchaCellModel.m in Sources */ = {isa = PBXBuildFile; fileRef = 188CDBB220DE31B000EED43E /* MatchaCellModel.m */; };
		188CDBB620DE36E400EED43E /* MatchaSectionModel.m in Sources */ = {isa = PBXBuildFile; fileRef = 188CDBB520DE36E400EED43E /* MatchaSectionModel.m */; };
		188CDBB920DE3C1C00EED43E /* MatchaSettingTableViewCell.m in Sources */ = {isa = PBXBuildFile; fileRef = 188CDBB820DE3C1C00EED43E /* MatchaSettingTableViewCell.m */; };
/* End PBXBuildFile section */

/* Begin PBXFileReference section */
		188CDB8D20DE29D600EED43E /* MatchaQuickTableViewController.app */ = {isa = PBXFileReference; explicitFileType = wrapper.application; includeInIndex = 0; path = MatchaQuickTableViewController.app; sourceTree = BUILT_PRODUCTS_DIR; };
		188CDB9020DE29D600EED43E /* AppDelegate.h */ = {isa = PBXFileReference; lastKnownFileType = sourcecode.c.h; path = AppDelegate.h; sourceTree = "<group>"; };
		188CDB9120DE29D600EED43E /* AppDelegate.m */ = {isa = PBXFileReference; lastKnownFileType = sourcecode.c.objc; path = AppDelegate.m; sourceTree = "<group>"; };
		188CDB9320DE29D600EED43E /* ViewController.h */ = {isa = PBXFileReference; lastKnownFileType = sourcecode.c.h; path = ViewController.h; sourceTree = "<group>"; };
		188CDB9420DE29D600EED43E /* ViewController.m */ = {isa = PBXFileReference; lastKnownFileType = sourcecode.c.objc; path = ViewController.m; sourceTree = "<group>"; };
		188CDB9720DE29D600EED43E /* Base */ = {isa = PBXFileReference; lastKnownFileType = file.storyboard; name = Base; path = Base.lproj/Main.storyboard; sourceTree = "<group>"; };
		188CDB9920DE29D900EED43E /* Assets.xcassets */ = {isa = PBXFileReference; lastKnownFileType = folder.assetcatalog; path = Assets.xcassets; sourceTree = "<group>"; };
		188CDB9C20DE29D900EED43E /* Base */ = {isa = PBXFileReference; lastKnownFileType = file.storyboard; name = Base; path = Base.lproj/LaunchScreen.storyboard; sourceTree = "<group>"; };
		188CDB9E20DE29D900EED43E /* Info.plist */ = {isa = PBXFileReference; lastKnownFileType = text.plist.xml; path = Info.plist; sourceTree = "<group>"; };
		188CDB9F20DE29D900EED43E /* main.m */ = {isa = PBXFileReference; lastKnownFileType = sourcecode.c.objc; path = main.m; sourceTree = "<group>"; };
		188CDBAB20DE2B1900EED43E /* UIView+CH.h */ = {isa = PBXFileReference; lastKnownFileType = sourcecode.c.h; path = "UIView+CH.h"; sourceTree = "<group>"; };
		188CDBAC20DE2B1900EED43E /* UIView+CH.m */ = {isa = PBXFileReference; lastKnownFileType = sourcecode.c.objc; path = "UIView+CH.m"; sourceTree = "<group>"; };
		188CDBAE20DE2E3B00EED43E /* MatchaConst.h */ = {isa = PBXFileReference; lastKnownFileType = sourcecode.c.h; path = MatchaConst.h; sourceTree = "<group>"; };
		188CDBB120DE31B000EED43E /* MatchaCellModel.h */ = {isa = PBXFileReference; lastKnownFileType = sourcecode.c.h; path = MatchaCellModel.h; sourceTree = "<group>"; };
		188CDBB220DE31B000EED43E /* MatchaCellModel.m */ = {isa = PBXFileReference; lastKnownFileType = sourcecode.c.objc; path = MatchaCellModel.m; sourceTree = "<group>"; };
		188CDBB420DE36E400EED43E /* MatchaSectionModel.h */ = {isa = PBXFileReference; lastKnownFileType = sourcecode.c.h; path = MatchaSectionModel.h; sourceTree = "<group>"; };
		188CDBB520DE36E400EED43E /* MatchaSectionModel.m */ = {isa = PBXFileReference; lastKnownFileType = sourcecode.c.objc; path = MatchaSectionModel.m; sourceTree = "<group>"; };
		188CDBB720DE3C1C00EED43E /* MatchaSettingTableViewCell.h */ = {isa = PBXFileReference; lastKnownFileType = sourcecode.c.h; path = MatchaSettingTableViewCell.h; sourceTree = "<group>"; };
		188CDBB820DE3C1C00EED43E /* MatchaSettingTableViewCell.m */ = {isa = PBXFileReference; lastKnownFileType = sourcecode.c.objc; path = MatchaSettingTableViewCell.m; sourceTree = "<group>"; };
/* End PBXFileReference section */

/* Begin PBXFrameworksBuildPhase section */
		188CDB8A20DE29D600EED43E /* Frameworks */ = {
			isa = PBXFrameworksBuildPhase;
			buildActionMask = 2147483647;
			files = (
			);
			runOnlyForDeploymentPostprocessing = 0;
		};
/* End PBXFrameworksBuildPhase section */

/* Begin PBXGroup section */
		188CDB8420DE29D600EED43E = {
			isa = PBXGroup;
			children = (
				188CDB8F20DE29D600EED43E /* MatchaQuickTableViewController */,
				188CDB8E20DE29D600EED43E /* Products */,
			);
			sourceTree = "<group>";
		};
		188CDB8E20DE29D600EED43E /* Products */ = {
			isa = PBXGroup;
			children = (
				188CDB8D20DE29D600EED43E /* MatchaQuickTableViewController.app */,
			);
			name = Products;
			sourceTree = "<group>";
		};
		188CDB8F20DE29D600EED43E /* MatchaQuickTableViewController */ = {
			isa = PBXGroup;
			children = (
				188CDBAA20DE2A9400EED43E /* Model */,
				188CDBA920DE2A8B00EED43E /* View */,
				188CDBA820DE2A8100EED43E /* Const */,
				188CDBA620DE2A4200EED43E /* Category */,
				188CDB9020DE29D600EED43E /* AppDelegate.h */,
				188CDB9120DE29D600EED43E /* AppDelegate.m */,
				188CDB9320DE29D600EED43E /* ViewController.h */,
				188CDB9420DE29D600EED43E /* ViewController.m */,
				188CDB9620DE29D600EED43E /* Main.storyboard */,
				188CDB9920DE29D900EED43E /* Assets.xcassets */,
				188CDB9B20DE29D900EED43E /* LaunchScreen.storyboard */,
				188CDB9E20DE29D900EED43E /* Info.plist */,
				188CDB9F20DE29D900EED43E /* main.m */,
			);
			path = MatchaQuickTableViewController;
			sourceTree = "<group>";
		};
		188CDBA620DE2A4200EED43E /* Category */ = {
			isa = PBXGroup;
			children = (
				188CDBAB20DE2B1900EED43E /* UIView+CH.h */,
				188CDBAC20DE2B1900EED43E /* UIView+CH.m */,
			);
			path = Category;
			sourceTree = "<group>";
		};
		188CDBA820DE2A8100EED43E /* Const */ = {
			isa = PBXGroup;
			children = (
				188CDBAE20DE2E3B00EED43E /* MatchaConst.h */,
			);
			path = Const;
			sourceTree = "<group>";
		};
		188CDBA920DE2A8B00EED43E /* View */ = {
			isa = PBXGroup;
			children = (
				188CDBB720DE3C1C00EED43E /* MatchaSettingTableViewCell.h */,
				188CDBB820DE3C1C00EED43E /* MatchaSettingTableViewCell.m */,
			);
			path = View;
			sourceTree = "<group>";
		};
		188CDBAA20DE2A9400EED43E /* Model */ = {
			isa = PBXGroup;
			children = (
				188CDBB120DE31B000EED43E /* MatchaCellModel.h */,
				188CDBB220DE31B000EED43E /* MatchaCellModel.m */,
				188CDBB420DE36E400EED43E /* MatchaSectionModel.h */,
				188CDBB520DE36E400EED43E /* MatchaSectionModel.m */,
			);
			path = Model;
			sourceTree = "<group>";
		};
/* End PBXGroup section */

/* Begin PBXNativeTarget section */
		188CDB8C20DE29D600EED43E /* MatchaQuickTableViewController */ = {
			isa = PBXNativeTarget;
			buildConfigurationList = 188CDBA320DE29D900EED43E /* Build configuration list for PBXNativeTarget "MatchaQuickTableViewController" */;
			buildPhases = (
				188CDB8920DE29D600EED43E /* Sources */,
				188CDB8A20DE29D600EED43E /* Frameworks */,
				188CDB8B20DE29D600EED43E /* Resources */,
			);
			buildRules = (
			);
			dependencies = (
			);
			name = MatchaQuickTableViewController;
			productName = MatchaQuickTableViewController;
			productReference = 188CDB8D20DE29D600EED43E /* MatchaQuickTableViewController.app */;
			productType = "com.apple.product-type.application";
		};
/* End PBXNativeTarget section */

/* Begin PBXProject section */
		188CDB8520DE29D600EED43E /* Project object */ = {
			isa = PBXProject;
			attributes = {
				LastUpgradeCheck = 0930;
				ORGANIZATIONNAME = Matcha00;
				TargetAttributes = {
					188CDB8C20DE29D600EED43E = {
						CreatedOnToolsVersion = 9.3;
					};
				};
			};
			buildConfigurationList = 188CDB8820DE29D600EED43E /* Build configuration list for PBXProject "MatchaQuickTableViewController" */;
			compatibilityVersion = "Xcode 9.3";
			developmentRegion = en;
			hasScannedForEncodings = 0;
			knownRegions = (
				en,
				Base,
			);
			mainGroup = 188CDB8420DE29D600EED43E;
			productRefGroup = 188CDB8E20DE29D600EED43E /* Products */;
			projectDirPath = "";
			projectRoot = "";
			targets = (
				188CDB8C20DE29D600EED43E /* MatchaQuickTableViewController */,
			);
		};
/* End PBXProject section */

/* Begin PBXResourcesBuildPhase section */
		188CDB8B20DE29D600EED43E /* Resources */ = {
			isa = PBXResourcesBuildPhase;
			buildActionMask = 2147483647;
			files = (
				188CDB9D20DE29D900EED43E /* LaunchScreen.storyboard in Resources */,
				188CDB9A20DE29D900EED43E /* Assets.xcassets in Resources */,
				188CDB9820DE29D600EED43E /* Main.storyboard in Resources */,
			);
			runOnlyForDeploymentPostprocessing = 0;
		};
/* End PBXResourcesBuildPhase section */

/* Begin PBXSourcesBuildPhase section */
		188CDB8920DE29D600EED43E /* Sources */ = {
			isa = PBXSourcesBuildPhase;
			buildActionMask = 2147483647;
			files = (
				188CDB9520DE29D600EED43E /* ViewController.m in Sources */,
				188CDBAD20DE2B1900EED43E /* UIView+CH.m in Sources */,
				188CDBB320DE31B000EED43E /* MatchaCellModel.m in Sources */,
				188CDBB920DE3C1C00EED43E /* MatchaSettingTableViewCell.m in Sources */,
				188CDBB620DE36E400EED43E /* MatchaSectionModel.m in Sources */,
				188CDBA020DE29D900EED43E /* main.m in Sources */,
				188CDB9220DE29D600EED43E /* AppDelegate.m in Sources */,
			);
			runOnlyForDeploymentPostprocessing = 0;
		};
/* End PBXSourcesBuildPhase section */

/* Begin PBXVariantGroup section */
		188CDB9620DE29D600EED43E /* Main.storyboard */ = {
			isa = PBXVariantGroup;
			children = (
				188CDB9720DE29D600EED43E /* Base */,
			);
			name = Main.storyboard;
			sourceTree = "<group>";
		};
		188CDB9B20DE29D900EED43E /* LaunchScreen.storyboard */ = {
			isa = PBXVariantGroup;
			children = (
				188CDB9C20DE29D900EED43E /* Base */,
			);
			name = LaunchScreen.storyboard;
			sourceTree = "<group>";
		};
/* End PBXVariantGroup section */

/* Begin XCBuildConfiguration section */
		188CDBA120DE29D900EED43E /* Debug */ = {
			isa = XCBuildConfiguration;
			buildSettings = {
				ALWAYS_SEARCH_USER_PATHS = NO;
				CLANG_ANALYZER_NONNULL = YES;
				CLANG_ANALYZER_NUMBER_OBJECT_CONVERSION = YES_AGGRESSIVE;
				CLANG_CXX_LANGUAGE_STANDARD = "gnu++14";
				CLANG_CXX_LIBRARY = "libc++";
				CLANG_ENABLE_MODULES = YES;
				CLANG_ENABLE_OBJC_ARC = YES;
				CLANG_ENABLE_OBJC_WEAK = YES;
				CLANG_WARN_BLOCK_CAPTURE_AUTORELEASING = YES;
				CLANG_WARN_BOOL_CONVERSION = YES;
				CLANG_WARN_COMMA = YES;
				CLANG_WARN_CONSTANT_CONVERSION = YES;
				CLANG_WARN_DEPRECATED_OBJC_IMPLEMENTATIONS = YES;
				CLANG_WARN_DIRECT_OBJC_ISA_USAGE = YES_ERROR;
				CLANG_WARN_DOCUMENTATION_COMMENTS = YES;
				CLANG_WARN_EMPTY_BODY = YES;
				CLANG_WARN_ENUM_CONVERSION = YES;
				CLANG_WARN_INFINITE_RECURSION = YES;
				CLANG_WARN_INT_CONVERSION = YES;
				CLANG_WARN_NON_LITERAL_NULL_CONVERSION = YES;
				CLANG_WARN_OBJC_IMPLICIT_RETAIN_SELF = YES;
				CLANG_WARN_OBJC_LITERAL_CONVERSION = YES;
				CLANG_WARN_OBJC_ROOT_CLASS = YES_ERROR;
				CLANG_WARN_RANGE_LOOP_ANALYSIS = YES;
				CLANG_WARN_STRICT_PROTOTYPES = YES;
				CLANG_WARN_SUSPICIOUS_MOVE = YES;
				CLANG_WARN_UNGUARDED_AVAILABILITY = YES_AGGRESSIVE;
				CLANG_WARN_UNREACHABLE_CODE = YES;
				CLANG_WARN__DUPLICATE_METHOD_MATCH = YES;
				CODE_SIGN_IDENTITY = "iPhone Developer";
				COPY_PHASE_STRIP = NO;
				DEBUG_INFORMATION_FORMAT = dwarf;
				ENABLE_STRICT_OBJC_MSGSEND = YES;
				ENABLE_TESTABILITY = YES;
				GCC_C_LANGUAGE_STANDARD = gnu11;
				GCC_DYNAMIC_NO_PIC = NO;
				GCC_NO_COMMON_BLOCKS = YES;
				GCC_OPTIMIZATION_LEVEL = 0;
				GCC_PREPROCESSOR_DEFINITIONS = (
					"DEBUG=1",
					"$(inherited)",
				);
				GCC_WARN_64_TO_32_BIT_CONVERSION = YES;
				GCC_WARN_ABOUT_RETURN_TYPE = YES_ERROR;
				GCC_WARN_UNDECLARED_SELECTOR = YES;
				GCC_WARN_UNINITIALIZED_AUTOS = YES_AGGRESSIVE;
				GCC_WARN_UNUSED_FUNCTION = YES;
				GCC_WARN_UNUSED_VARIABLE = YES;
				IPHONEOS_DEPLOYMENT_TARGET = 11.3;
				MTL_ENABLE_DEBUG_INFO = YES;
				ONLY_ACTIVE_ARCH = YES;
				SDKROOT = iphoneos;
			};
			name = Debug;
		};
		188CDBA220DE29D900EED43E /* Release */ = {
			isa = XCBuildConfiguration;
			buildSettings = {
				ALWAYS_SEARCH_USER_PATHS = NO;
				CLANG_ANALYZER_NONNULL = YES;
				CLANG_ANALYZER_NUMBER_OBJECT_CONVERSION = YES_AGGRESSIVE;
				CLANG_CXX_LANGUAGE_STANDARD = "gnu++14";
				CLANG_CXX_LIBRARY = "libc++";
				CLANG_ENABLE_MODULES = YES;
				CLANG_ENABLE_OBJC_ARC = YES;
				CLANG_ENABLE_OBJC_WEAK = YES;
				CLANG_WARN_BLOCK_CAPTURE_AUTORELEASING = YES;
				CLANG_WARN_BOOL_CONVERSION = YES;
				CLANG_WARN_COMMA = YES;
				CLANG_WARN_CONSTANT_CONVERSION = YES;
				CLANG_WARN_DEPRECATED_OBJC_IMPLEMENTATIONS = YES;
				CLANG_WARN_DIRECT_OBJC_ISA_USAGE = YES_ERROR;
				CLANG_WARN_DOCUMENTATION_COMMENTS = YES;
				CLANG_WARN_EMPTY_BODY = YES;
				CLANG_WARN_ENUM_CONVERSION = YES;
				CLANG_WARN_INFINITE_RECURSION = YES;
				CLANG_WARN_INT_CONVERSION = YES;
				CLANG_WARN_NON_LITERAL_NULL_CONVERSION = YES;
				CLANG_WARN_OBJC_IMPLICIT_RETAIN_SELF = YES;
				CLANG_WARN_OBJC_LITERAL_CONVERSION = YES;
				CLANG_WARN_OBJC_ROOT_CLASS = YES_ERROR;
				CLANG_WARN_RANGE_LOOP_ANALYSIS = YES;
				CLANG_WARN_STRICT_PROTOTYPES = YES;
				CLANG_WARN_SUSPICIOUS_MOVE = YES;
				CLANG_WARN_UNGUARDED_AVAILABILITY = YES_AGGRESSIVE;
				CLANG_WARN_UNREACHABLE_CODE = YES;
				CLANG_WARN__DUPLICATE_METHOD_MATCH = YES;
				CODE_SIGN_IDENTITY = "iPhone Developer";
				COPY_PHASE_STRIP = NO;
				DEBUG_INFORMATION_FORMAT = "dwarf-with-dsym";
				ENABLE_NS_ASSERTIONS = NO;
				ENABLE_STRICT_OBJC_MSGSEND = YES;
				GCC_C_LANGUAGE_STANDARD = gnu11;
				GCC_NO_COMMON_BLOCKS = YES;
				GCC_WARN_64_TO_32_BIT_CONVERSION = YES;
				GCC_WARN_ABOUT_RETURN_TYPE = YES_ERROR;
				GCC_WARN_UNDECLARED_SELECTOR = YES;
				GCC_WARN_UNINITIALIZED_AUTOS = YES_AGGRESSIVE;
				GCC_WARN_UNUSED_FUNCTION = YES;
				GCC_WARN_UNUSED_VARIABLE = YES;
				IPHONEOS_DEPLOYMENT_TARGET = 11.3;
				MTL_ENABLE_DEBUG_INFO = NO;
				SDKROOT = iphoneos;
				VALIDATE_PRODUCT = YES;
			};
			name = Release;
		};
		188CDBA420DE29D900EED43E /* Debug */ = {
			isa = XCBuildConfiguration;
			buildSettings = {
				ASSETCATALOG_COMPILER_APPICON_NAME = AppIcon;
				CODE_SIGN_STYLE = Automatic;
				DEVELOPMENT_TEAM = 9UYJE5TN25;
				INFOPLIST_FILE = MatchaQuickTableViewController/Info.plist;
				LD_RUNPATH_SEARCH_PATHS = (
					"$(inherited)",
					"@executable_path/Frameworks",
				);
				PRODUCT_BUNDLE_IDENTIFIER = matcha00.me.MatchaQuickTableViewController;
				PRODUCT_NAME = "$(TARGET_NAME)";
				TARGETED_DEVICE_FAMILY = "1,2";
			};
			name = Debug;
		};
		188CDBA520DE29D900EED43E /* Release */ = {
			isa = XCBuildConfiguration;
			buildSettings = {
				ASSETCATALOG_COMPILER_APPICON_NAME = AppIcon;
				CODE_SIGN_STYLE = Automatic;
				DEVELOPMENT_TEAM = 9UYJE5TN25;
				INFOPLIST_FILE = MatchaQuickTableViewController/Info.plist;
				LD_RUNPATH_SEARCH_PATHS = (
					"$(inherited)",
					"@executable_path/Frameworks",
				);
				PRODUCT_BUNDLE_IDENTIFIER = matcha00.me.MatchaQuickTableViewController;
				PRODUCT_NAME = "$(TARGET_NAME)";
				TARGETED_DEVICE_FAMILY = "1,2";
			};
			name = Release;
		};
/* End XCBuildConfiguration section */

/* Begin XCConfigurationList section */
		188CDB8820DE29D600EED43E /* Build configuration list for PBXProject "MatchaQuickTableViewController" */ = {
			isa = XCConfigurationList;
			buildConfigurations = (
				188CDBA120DE29D900EED43E /* Debug */,
				188CDBA220DE29D900EED43E /* Release */,
			);
			defaultConfigurationIsVisible = 0;
			defaultConfigurationName = Release;
		};
		188CDBA320DE29D900EED43E /* Build configuration list for PBXNativeTarget "MatchaQuickTableViewController" */ = {
			isa = XCConfigurationList;
			buildConfigurations = (
				188CDBA420DE29D900EED43E /* Debug */,
				188CDBA520DE29D900EED43E /* Release */,
			);
			defaultConfigurationIsVisible = 0;
			defaultConfigurationName = Release;
		};
/* End XCConfigurationList section */
	};
	rootObject = 188CDB8520DE29D600EED43E /* Project object */;
}
